# This file is automatically @generated by Cargo.
# It is not intended for manual editing.
version = 3

[[package]]
name = "cc"
version = "1.0.71"
source = "registry+https://github.com/rust-lang/crates.io-index"
checksum = "79c2681d6594606957bbb8631c4b90a7fcaaa72cdb714743a437b156d6a7eedd"

[[package]]
name = "secp256k1-sys"
version = "0.8.1"
source = "git+https://github.com/junderw/rust-secp256k1?branch=junderw/aux_data_patch#5130c98961aa21d54507b5b25ea3521a0c7d629e"
dependencies = [
 "cc",
]

[[package]]
name = "secp256k1-wasm"
version = "0.0.0"
dependencies = [
 "secp256k1-sys",
]
